
Microsoft Visual Studio Solution File, Format Version 12.00
# Visual Studio Version 16
VisualStudioVersion = 16.0.28315.86
MinimumVisualStudioVersion = 15.0.26124.0
Project("{2150E333-8FDC-42A3-9474-1A3956D46DE8}") = "src", "src", "{8F80FAF3-2D79-44A6-BA3A-71D53EE081C0}"
EndProject
Project("{9A19103F-16F7-4668-BE54-9A1E7A4F7556}") = "Core.Abstractions", "src\Core.Abstractions\Core.Abstractions.csproj", "{0A90CE27-A326-4C99-98AF-9B3B1CEE5534}"
EndProject
Project("{9A19103F-16F7-4668-BE54-9A1E7A4F7556}") = "Core.Abstractions.AutoFacIntegration", "src\Core.Abstractions.AutoFacIntegration\Core.Abstractions.AutoFacIntegration.csproj", "{86B54DC9-8B45-44DB-ADE3-D2CFAF1D2754}"
EndProject
Project("{9A19103F-16F7-4668-BE54-9A1E7A4F7556}") = "Core.Messages.RabbitMQ", "src\Core.Messages.RabbitMQ\Core.Messages.RabbitMQ.csproj", "{D4D63820-4950-4D3B-AAB8-57B7BF454636}"
EndProject
Project("{9A19103F-16F7-4668-BE54-9A1E7A4F7556}") = "Core.Messages.RabbitMQ.AutoFacIntegration", "src\Core.Messages.RabbitMQ.AutoFacIntegration\Core.Messages.RabbitMQ.AutoFacIntegration.csproj", "{C7DF0189-950E-4236-9A21-B61FE49C8640}"
EndProject
Project("{9A19103F-16F7-4668-BE54-9A1E7A4F7556}") = "Core.PersistentStore.EntityFrameworkCore", "src\Core.PersistentStore.EntityFrameworkCore\Core.PersistentStore.EntityFrameworkCore.csproj", "{7BBBF595-48EA-445A-9B47-E17206C9A5D2}"
EndProject
Project("{9A19103F-16F7-4668-BE54-9A1E7A4F7556}") = "Core.Abstractions.TestBase", "src\Core.Abstractions.TestBase\Core.Abstractions.TestBase.csproj", "{E6BDDAD2-4EEF-4CC7-8D71-494C5E1C422F}"
EndProject
Project("{9A19103F-16F7-4668-BE54-9A1E7A4F7556}") = "Core.AspNetCore.AutoFacIntegration", "src\Core.AspNetCore.AutoFacIntegration\Core.AspNetCore.AutoFacIntegration.csproj", "{D3A679F1-65EA-4066-B97E-8F56DE96D63D}"
EndProject
Project("{2150E333-8FDC-42A3-9474-1A3956D46DE8}") = "test", "test", "{98702E0D-C277-4A27-A7D3-13F8287801C0}"
EndProject
Project("{9A19103F-16F7-4668-BE54-9A1E7A4F7556}") = "Core.Abstractions.Tests", "test\Core.Abstractions.Tests\Core.Abstractions.Tests.csproj", "{08BEC7FD-9EDA-4B69-AF05-120934AE194F}"
EndProject
Project("{9A19103F-16F7-4668-BE54-9A1E7A4F7556}") = "Core.Web", "demo\Core.Web\Core.Web.csproj", "{F7E13EB2-2B7E-46D0-859B-AD03A1B27A07}"
EndProject
Project("{2150E333-8FDC-42A3-9474-1A3956D46DE8}") = "Solution Items", "Solution Items", "{C95FFEA8-08CA-44E0-A1DA-31F04246544A}"
	ProjectSection(SolutionItems) = preProject
		common.props = common.props
		meta.props = meta.props
		sign.props = sign.props
		target-app.props = target-app.props
		target-std.props = target-std.props
		version.props = version.props
	EndProjectSection
EndProject
Project("{9A19103F-16F7-4668-BE54-9A1E7A4F7556}") = "Core.AspNetCore.Common", "src\Core.AspNetCore.Common\Core.AspNetCore.Common.csproj", "{69374CE0-481A-4576-9384-B8BDD8C819A8}"
EndProject
Project("{9A19103F-16F7-4668-BE54-9A1E7A4F7556}") = "Core.KeyValues.AliyunACM", "src\Core.KeyValues.AliyunACM\Core.KeyValues.AliyunACM.csproj", "{F7D04D4E-D233-4B5A-A86C-A7544BB08056}"
EndProject
Project("{9A19103F-16F7-4668-BE54-9A1E7A4F7556}") = "Core.KeyValues.InMemory", "src\Core.KeyValues.InMemory\Core.KeyValues.InMemory.csproj", "{95B0A419-3216-4419-AE03-874189222217}"
EndProject
Project("{9A19103F-16F7-4668-BE54-9A1E7A4F7556}") = "Core.KeyValues", "src\Core.KeyValues\Core.KeyValues.csproj", "{101A4F2D-F3C9-4ECC-9A9C-A2A5F089589C}"
EndProject
Project("{2150E333-8FDC-42A3-9474-1A3956D46DE8}") = "demo", "demo", "{70F28312-CE1B-4BBF-9725-BCA0B470E448}"
EndProject
Project("{9A19103F-16F7-4668-BE54-9A1E7A4F7556}") = "Core.KeyValues.Abstractions", "src\Core.KeyValues.Abstractions\Core.KeyValues.Abstractions.csproj", "{BB724E06-5594-4E3C-899B-D040B5F199BD}"
EndProject
Project("{9A19103F-16F7-4668-BE54-9A1E7A4F7556}") = "Core.KeyValues.Json", "src\Core.KeyValues.Json\Core.KeyValues.Json.csproj", "{499CCF4C-E130-4EF3-A7D4-AF65038F6D3C}"
EndProject
Project("{FAE04EC0-301F-11D3-BF4B-00C04F79EFBC}") = "Core.KeyValues.Remote", "src\Core.KeyValues.Remote\Core.KeyValues.Remote.csproj", "{19EE0EAD-4C24-493D-8F26-3754B84F3C61}"
EndProject
Project("{FAE04EC0-301F-11D3-BF4B-00C04F79EFBC}") = "Core.PersistentStore.ElasticSearch6", "src\Core.PersistentStore.ElasticSearch6\Core.PersistentStore.ElasticSearch6.csproj", "{ECCA357D-3322-4485-98AB-872ECCCC9ACD}"
EndProject
Project("{FAE04EC0-301F-11D3-BF4B-00C04F79EFBC}") = "Core.Events.Bus.Mediator", "src\Core.Events.Bus.Mediator\Core.Events.Bus.Mediator.csproj", "{80E77E86-4701-4D5F-9EC6-CA96CDD927CD}"
EndProject
Global
	GlobalSection(SolutionConfigurationPlatforms) = preSolution
		Debug|Any CPU = Debug|Any CPU
		Debug|x64 = Debug|x64
		Debug|x86 = Debug|x86
		Release|Any CPU = Release|Any CPU
		Release|x64 = Release|x64
		Release|x86 = Release|x86
	EndGlobalSection
	GlobalSection(ProjectConfigurationPlatforms) = postSolution
		{0A90CE27-A326-4C99-98AF-9B3B1CEE5534}.Debug|Any CPU.ActiveCfg = Debug|Any CPU
		{0A90CE27-A326-4C99-98AF-9B3B1CEE5534}.Debug|Any CPU.Build.0 = Debug|Any CPU
		{0A90CE27-A326-4C99-98AF-9B3B1CEE5534}.Debug|x64.ActiveCfg = Debug|Any CPU
		{0A90CE27-A326-4C99-98AF-9B3B1CEE5534}.Debug|x64.Build.0 = Debug|Any CPU
		{0A90CE27-A326-4C99-98AF-9B3B1CEE5534}.Debug|x86.ActiveCfg = Debug|Any CPU
		{0A90CE27-A326-4C99-98AF-9B3B1CEE5534}.Debug|x86.Build.0 = Debug|Any CPU
		{0A90CE27-A326-4C99-98AF-9B3B1CEE5534}.Release|Any CPU.ActiveCfg = Release|Any CPU
		{0A90CE27-A326-4C99-98AF-9B3B1CEE5534}.Release|Any CPU.Build.0 = Release|Any CPU
		{0A90CE27-A326-4C99-98AF-9B3B1CEE5534}.Release|x64.ActiveCfg = Release|Any CPU
		{0A90CE27-A326-4C99-98AF-9B3B1CEE5534}.Release|x64.Build.0 = Release|Any CPU
		{0A90CE27-A326-4C99-98AF-9B3B1CEE5534}.Release|x86.ActiveCfg = Release|Any CPU
		{0A90CE27-A326-4C99-98AF-9B3B1CEE5534}.Release|x86.Build.0 = Release|Any CPU
		{86B54DC9-8B45-44DB-ADE3-D2CFAF1D2754}.Debug|Any CPU.ActiveCfg = Debug|Any CPU
		{86B54DC9-8B45-44DB-ADE3-D2CFAF1D2754}.Debug|Any CPU.Build.0 = Debug|Any CPU
		{86B54DC9-8B45-44DB-ADE3-D2CFAF1D2754}.Debug|x64.ActiveCfg = Debug|Any CPU
		{86B54DC9-8B45-44DB-ADE3-D2CFAF1D2754}.Debug|x64.Build.0 = Debug|Any CPU
		{86B54DC9-8B45-44DB-ADE3-D2CFAF1D2754}.Debug|x86.ActiveCfg = Debug|Any CPU
		{86B54DC9-8B45-44DB-ADE3-D2CFAF1D2754}.Debug|x86.Build.0 = Debug|Any CPU
		{86B54DC9-8B45-44DB-ADE3-D2CFAF1D2754}.Release|Any CPU.ActiveCfg = Release|Any CPU
		{86B54DC9-8B45-44DB-ADE3-D2CFAF1D2754}.Release|Any CPU.Build.0 = Release|Any CPU
		{86B54DC9-8B45-44DB-ADE3-D2CFAF1D2754}.Release|x64.ActiveCfg = Release|Any CPU
		{86B54DC9-8B45-44DB-ADE3-D2CFAF1D2754}.Release|x64.Build.0 = Release|Any CPU
		{86B54DC9-8B45-44DB-ADE3-D2CFAF1D2754}.Release|x86.ActiveCfg = Release|Any CPU
		{86B54DC9-8B45-44DB-ADE3-D2CFAF1D2754}.Release|x86.Build.0 = Release|Any CPU
		{D4D63820-4950-4D3B-AAB8-57B7BF454636}.Debug|Any CPU.ActiveCfg = Debug|Any CPU
		{D4D63820-4950-4D3B-AAB8-57B7BF454636}.Debug|Any CPU.Build.0 = Debug|Any CPU
		{D4D63820-4950-4D3B-AAB8-57B7BF454636}.Debug|x64.ActiveCfg = Debug|Any CPU
		{D4D63820-4950-4D3B-AAB8-57B7BF454636}.Debug|x64.Build.0 = Debug|Any CPU
		{D4D63820-4950-4D3B-AAB8-57B7BF454636}.Debug|x86.ActiveCfg = Debug|Any CPU
		{D4D63820-4950-4D3B-AAB8-57B7BF454636}.Debug|x86.Build.0 = Debug|Any CPU
		{D4D63820-4950-4D3B-AAB8-57B7BF454636}.Release|Any CPU.ActiveCfg = Release|Any CPU
		{D4D63820-4950-4D3B-AAB8-57B7BF454636}.Release|Any CPU.Build.0 = Release|Any CPU
		{D4D63820-4950-4D3B-AAB8-57B7BF454636}.Release|x64.ActiveCfg = Release|Any CPU
		{D4D63820-4950-4D3B-AAB8-57B7BF454636}.Release|x64.Build.0 = Release|Any CPU
		{D4D63820-4950-4D3B-AAB8-57B7BF454636}.Release|x86.ActiveCfg = Release|Any CPU
		{D4D63820-4950-4D3B-AAB8-57B7BF454636}.Release|x86.Build.0 = Release|Any CPU
		{C7DF0189-950E-4236-9A21-B61FE49C8640}.Debug|Any CPU.ActiveCfg = Debug|Any CPU
		{C7DF0189-950E-4236-9A21-B61FE49C8640}.Debug|Any CPU.Build.0 = Debug|Any CPU
		{C7DF0189-950E-4236-9A21-B61FE49C8640}.Debug|x64.ActiveCfg = Debug|Any CPU
		{C7DF0189-950E-4236-9A21-B61FE49C8640}.Debug|x64.Build.0 = Debug|Any CPU
		{C7DF0189-950E-4236-9A21-B61FE49C8640}.Debug|x86.ActiveCfg = Debug|Any CPU
		{C7DF0189-950E-4236-9A21-B61FE49C8640}.Debug|x86.Build.0 = Debug|Any CPU
		{C7DF0189-950E-4236-9A21-B61FE49C8640}.Release|Any CPU.ActiveCfg = Release|Any CPU
		{C7DF0189-950E-4236-9A21-B61FE49C8640}.Release|Any CPU.Build.0 = Release|Any CPU
		{C7DF0189-950E-4236-9A21-B61FE49C8640}.Release|x64.ActiveCfg = Release|Any CPU
		{C7DF0189-950E-4236-9A21-B61FE49C8640}.Release|x64.Build.0 = Release|Any CPU
		{C7DF0189-950E-4236-9A21-B61FE49C8640}.Release|x86.ActiveCfg = Release|Any CPU
		{C7DF0189-950E-4236-9A21-B61FE49C8640}.Release|x86.Build.0 = Release|Any CPU
		{7BBBF595-48EA-445A-9B47-E17206C9A5D2}.Debug|Any CPU.ActiveCfg = Debug|Any CPU
		{7BBBF595-48EA-445A-9B47-E17206C9A5D2}.Debug|Any CPU.Build.0 = Debug|Any CPU
		{7BBBF595-48EA-445A-9B47-E17206C9A5D2}.Debug|x64.ActiveCfg = Debug|Any CPU
		{7BBBF595-48EA-445A-9B47-E17206C9A5D2}.Debug|x64.Build.0 = Debug|Any CPU
		{7BBBF595-48EA-445A-9B47-E17206C9A5D2}.Debug|x86.ActiveCfg = Debug|Any CPU
		{7BBBF595-48EA-445A-9B47-E17206C9A5D2}.Debug|x86.Build.0 = Debug|Any CPU
		{7BBBF595-48EA-445A-9B47-E17206C9A5D2}.Release|Any CPU.ActiveCfg = Release|Any CPU
		{7BBBF595-48EA-445A-9B47-E17206C9A5D2}.Release|Any CPU.Build.0 = Release|Any CPU
		{7BBBF595-48EA-445A-9B47-E17206C9A5D2}.Release|x64.ActiveCfg = Release|Any CPU
		{7BBBF595-48EA-445A-9B47-E17206C9A5D2}.Release|x64.Build.0 = Release|Any CPU
		{7BBBF595-48EA-445A-9B47-E17206C9A5D2}.Release|x86.ActiveCfg = Release|Any CPU
		{7BBBF595-48EA-445A-9B47-E17206C9A5D2}.Release|x86.Build.0 = Release|Any CPU
		{E6BDDAD2-4EEF-4CC7-8D71-494C5E1C422F}.Debug|Any CPU.ActiveCfg = Debug|Any CPU
		{E6BDDAD2-4EEF-4CC7-8D71-494C5E1C422F}.Debug|Any CPU.Build.0 = Debug|Any CPU
		{E6BDDAD2-4EEF-4CC7-8D71-494C5E1C422F}.Debug|x64.ActiveCfg = Debug|Any CPU
		{E6BDDAD2-4EEF-4CC7-8D71-494C5E1C422F}.Debug|x64.Build.0 = Debug|Any CPU
		{E6BDDAD2-4EEF-4CC7-8D71-494C5E1C422F}.Debug|x86.ActiveCfg = Debug|Any CPU
		{E6BDDAD2-4EEF-4CC7-8D71-494C5E1C422F}.Debug|x86.Build.0 = Debug|Any CPU
		{E6BDDAD2-4EEF-4CC7-8D71-494C5E1C422F}.Release|Any CPU.ActiveCfg = Release|Any CPU
		{E6BDDAD2-4EEF-4CC7-8D71-494C5E1C422F}.Release|Any CPU.Build.0 = Release|Any CPU
		{E6BDDAD2-4EEF-4CC7-8D71-494C5E1C422F}.Release|x64.ActiveCfg = Release|Any CPU
		{E6BDDAD2-4EEF-4CC7-8D71-494C5E1C422F}.Release|x64.Build.0 = Release|Any CPU
		{E6BDDAD2-4EEF-4CC7-8D71-494C5E1C422F}.Release|x86.ActiveCfg = Release|Any CPU
		{E6BDDAD2-4EEF-4CC7-8D71-494C5E1C422F}.Release|x86.Build.0 = Release|Any CPU
		{D3A679F1-65EA-4066-B97E-8F56DE96D63D}.Debug|Any CPU.ActiveCfg = Debug|Any CPU
		{D3A679F1-65EA-4066-B97E-8F56DE96D63D}.Debug|Any CPU.Build.0 = Debug|Any CPU
		{D3A679F1-65EA-4066-B97E-8F56DE96D63D}.Debug|x64.ActiveCfg = Debug|Any CPU
		{D3A679F1-65EA-4066-B97E-8F56DE96D63D}.Debug|x64.Build.0 = Debug|Any CPU
		{D3A679F1-65EA-4066-B97E-8F56DE96D63D}.Debug|x86.ActiveCfg = Debug|Any CPU
		{D3A679F1-65EA-4066-B97E-8F56DE96D63D}.Debug|x86.Build.0 = Debug|Any CPU
		{D3A679F1-65EA-4066-B97E-8F56DE96D63D}.Release|Any CPU.ActiveCfg = Release|Any CPU
		{D3A679F1-65EA-4066-B97E-8F56DE96D63D}.Release|Any CPU.Build.0 = Release|Any CPU
		{D3A679F1-65EA-4066-B97E-8F56DE96D63D}.Release|x64.ActiveCfg = Release|Any CPU
		{D3A679F1-65EA-4066-B97E-8F56DE96D63D}.Release|x64.Build.0 = Release|Any CPU
		{D3A679F1-65EA-4066-B97E-8F56DE96D63D}.Release|x86.ActiveCfg = Release|Any CPU
		{D3A679F1-65EA-4066-B97E-8F56DE96D63D}.Release|x86.Build.0 = Release|Any CPU
		{08BEC7FD-9EDA-4B69-AF05-120934AE194F}.Debug|Any CPU.ActiveCfg = Debug|Any CPU
		{08BEC7FD-9EDA-4B69-AF05-120934AE194F}.Debug|Any CPU.Build.0 = Debug|Any CPU
		{08BEC7FD-9EDA-4B69-AF05-120934AE194F}.Debug|x64.ActiveCfg = Debug|Any CPU
		{08BEC7FD-9EDA-4B69-AF05-120934AE194F}.Debug|x64.Build.0 = Debug|Any CPU
		{08BEC7FD-9EDA-4B69-AF05-120934AE194F}.Debug|x86.ActiveCfg = Debug|Any CPU
		{08BEC7FD-9EDA-4B69-AF05-120934AE194F}.Debug|x86.Build.0 = Debug|Any CPU
		{08BEC7FD-9EDA-4B69-AF05-120934AE194F}.Release|Any CPU.ActiveCfg = Release|Any CPU
		{08BEC7FD-9EDA-4B69-AF05-120934AE194F}.Release|Any CPU.Build.0 = Release|Any CPU
		{08BEC7FD-9EDA-4B69-AF05-120934AE194F}.Release|x64.ActiveCfg = Release|Any CPU
		{08BEC7FD-9EDA-4B69-AF05-120934AE194F}.Release|x64.Build.0 = Release|Any CPU
		{08BEC7FD-9EDA-4B69-AF05-120934AE194F}.Release|x86.ActiveCfg = Release|Any CPU
		{08BEC7FD-9EDA-4B69-AF05-120934AE194F}.Release|x86.Build.0 = Release|Any CPU
		{F7E13EB2-2B7E-46D0-859B-AD03A1B27A07}.Debug|Any CPU.ActiveCfg = Debug|Any CPU
		{F7E13EB2-2B7E-46D0-859B-AD03A1B27A07}.Debug|Any CPU.Build.0 = Debug|Any CPU
		{F7E13EB2-2B7E-46D0-859B-AD03A1B27A07}.Debug|x64.ActiveCfg = Debug|Any CPU
		{F7E13EB2-2B7E-46D0-859B-AD03A1B27A07}.Debug|x64.Build.0 = Debug|Any CPU
		{F7E13EB2-2B7E-46D0-859B-AD03A1B27A07}.Debug|x86.ActiveCfg = Debug|Any CPU
		{F7E13EB2-2B7E-46D0-859B-AD03A1B27A07}.Debug|x86.Build.0 = Debug|Any CPU
		{F7E13EB2-2B7E-46D0-859B-AD03A1B27A07}.Release|Any CPU.ActiveCfg = Release|Any CPU
		{F7E13EB2-2B7E-46D0-859B-AD03A1B27A07}.Release|Any CPU.Build.0 = Release|Any CPU
		{F7E13EB2-2B7E-46D0-859B-AD03A1B27A07}.Release|x64.ActiveCfg = Release|Any CPU
		{F7E13EB2-2B7E-46D0-859B-AD03A1B27A07}.Release|x64.Build.0 = Release|Any CPU
		{F7E13EB2-2B7E-46D0-859B-AD03A1B27A07}.Release|x86.ActiveCfg = Release|Any CPU
		{F7E13EB2-2B7E-46D0-859B-AD03A1B27A07}.Release|x86.Build.0 = Release|Any CPU
		{69374CE0-481A-4576-9384-B8BDD8C819A8}.Debug|Any CPU.ActiveCfg = Debug|Any CPU
		{69374CE0-481A-4576-9384-B8BDD8C819A8}.Debug|Any CPU.Build.0 = Debug|Any CPU
		{69374CE0-481A-4576-9384-B8BDD8C819A8}.Debug|x64.ActiveCfg = Debug|Any CPU
		{69374CE0-481A-4576-9384-B8BDD8C819A8}.Debug|x64.Build.0 = Debug|Any CPU
		{69374CE0-481A-4576-9384-B8BDD8C819A8}.Debug|x86.ActiveCfg = Debug|Any CPU
		{69374CE0-481A-4576-9384-B8BDD8C819A8}.Debug|x86.Build.0 = Debug|Any CPU
		{69374CE0-481A-4576-9384-B8BDD8C819A8}.Release|Any CPU.ActiveCfg = Release|Any CPU
		{69374CE0-481A-4576-9384-B8BDD8C819A8}.Release|Any CPU.Build.0 = Release|Any CPU
		{69374CE0-481A-4576-9384-B8BDD8C819A8}.Release|x64.ActiveCfg = Release|Any CPU
		{69374CE0-481A-4576-9384-B8BDD8C819A8}.Release|x64.Build.0 = Release|Any CPU
		{69374CE0-481A-4576-9384-B8BDD8C819A8}.Release|x86.ActiveCfg = Release|Any CPU
		{69374CE0-481A-4576-9384-B8BDD8C819A8}.Release|x86.Build.0 = Release|Any CPU
		{F7D04D4E-D233-4B5A-A86C-A7544BB08056}.Debug|Any CPU.ActiveCfg = Debug|Any CPU
		{F7D04D4E-D233-4B5A-A86C-A7544BB08056}.Debug|Any CPU.Build.0 = Debug|Any CPU
		{F7D04D4E-D233-4B5A-A86C-A7544BB08056}.Debug|x64.ActiveCfg = Debug|Any CPU
		{F7D04D4E-D233-4B5A-A86C-A7544BB08056}.Debug|x64.Build.0 = Debug|Any CPU
		{F7D04D4E-D233-4B5A-A86C-A7544BB08056}.Debug|x86.ActiveCfg = Debug|Any CPU
		{F7D04D4E-D233-4B5A-A86C-A7544BB08056}.Debug|x86.Build.0 = Debug|Any CPU
		{F7D04D4E-D233-4B5A-A86C-A7544BB08056}.Release|Any CPU.ActiveCfg = Release|Any CPU
		{F7D04D4E-D233-4B5A-A86C-A7544BB08056}.Release|Any CPU.Build.0 = Release|Any CPU
		{F7D04D4E-D233-4B5A-A86C-A7544BB08056}.Release|x64.ActiveCfg = Release|Any CPU
		{F7D04D4E-D233-4B5A-A86C-A7544BB08056}.Release|x64.Build.0 = Release|Any CPU
		{F7D04D4E-D233-4B5A-A86C-A7544BB08056}.Release|x86.ActiveCfg = Release|Any CPU
		{F7D04D4E-D233-4B5A-A86C-A7544BB08056}.Release|x86.Build.0 = Release|Any CPU
		{95B0A419-3216-4419-AE03-874189222217}.Debug|Any CPU.ActiveCfg = Debug|Any CPU
		{95B0A419-3216-4419-AE03-874189222217}.Debug|Any CPU.Build.0 = Debug|Any CPU
		{95B0A419-3216-4419-AE03-874189222217}.Debug|x64.ActiveCfg = Debug|Any CPU
		{95B0A419-3216-4419-AE03-874189222217}.Debug|x64.Build.0 = Debug|Any CPU
		{95B0A419-3216-4419-AE03-874189222217}.Debug|x86.ActiveCfg = Debug|Any CPU
		{95B0A419-3216-4419-AE03-874189222217}.Debug|x86.Build.0 = Debug|Any CPU
		{95B0A419-3216-4419-AE03-874189222217}.Release|Any CPU.ActiveCfg = Release|Any CPU
		{95B0A419-3216-4419-AE03-874189222217}.Release|Any CPU.Build.0 = Release|Any CPU
		{95B0A419-3216-4419-AE03-874189222217}.Release|x64.ActiveCfg = Release|Any CPU
		{95B0A419-3216-4419-AE03-874189222217}.Release|x64.Build.0 = Release|Any CPU
		{95B0A419-3216-4419-AE03-874189222217}.Release|x86.ActiveCfg = Release|Any CPU
		{95B0A419-3216-4419-AE03-874189222217}.Release|x86.Build.0 = Release|Any CPU
		{101A4F2D-F3C9-4ECC-9A9C-A2A5F089589C}.Debug|Any CPU.ActiveCfg = Debug|Any CPU
		{101A4F2D-F3C9-4ECC-9A9C-A2A5F089589C}.Debug|Any CPU.Build.0 = Debug|Any CPU
		{101A4F2D-F3C9-4ECC-9A9C-A2A5F089589C}.Debug|x64.ActiveCfg = Debug|Any CPU
		{101A4F2D-F3C9-4ECC-9A9C-A2A5F089589C}.Debug|x64.Build.0 = Debug|Any CPU
		{101A4F2D-F3C9-4ECC-9A9C-A2A5F089589C}.Debug|x86.ActiveCfg = Debug|Any CPU
		{101A4F2D-F3C9-4ECC-9A9C-A2A5F089589C}.Debug|x86.Build.0 = Debug|Any CPU
		{101A4F2D-F3C9-4ECC-9A9C-A2A5F089589C}.Release|Any CPU.ActiveCfg = Release|Any CPU
		{101A4F2D-F3C9-4ECC-9A9C-A2A5F089589C}.Release|Any CPU.Build.0 = Release|Any CPU
		{101A4F2D-F3C9-4ECC-9A9C-A2A5F089589C}.Release|x64.ActiveCfg = Release|Any CPU
		{101A4F2D-F3C9-4ECC-9A9C-A2A5F089589C}.Release|x64.Build.0 = Release|Any CPU
		{101A4F2D-F3C9-4ECC-9A9C-A2A5F089589C}.Release|x86.ActiveCfg = Release|Any CPU
		{101A4F2D-F3C9-4ECC-9A9C-A2A5F089589C}.Release|x86.Build.0 = Release|Any CPU
		{BB724E06-5594-4E3C-899B-D040B5F199BD}.Debug|Any CPU.ActiveCfg = Debug|Any CPU
		{BB724E06-5594-4E3C-899B-D040B5F199BD}.Debug|Any CPU.Build.0 = Debug|Any CPU
		{BB724E06-5594-4E3C-899B-D040B5F199BD}.Debug|x64.ActiveCfg = Debug|Any CPU
		{BB724E06-5594-4E3C-899B-D040B5F199BD}.Debug|x64.Build.0 = Debug|Any CPU
		{BB724E06-5594-4E3C-899B-D040B5F199BD}.Debug|x86.ActiveCfg = Debug|Any CPU
		{BB724E06-5594-4E3C-899B-D040B5F199BD}.Debug|x86.Build.0 = Debug|Any CPU
		{BB724E06-5594-4E3C-899B-D040B5F199BD}.Release|Any CPU.ActiveCfg = Release|Any CPU
		{BB724E06-5594-4E3C-899B-D040B5F199BD}.Release|Any CPU.Build.0 = Release|Any CPU
		{BB724E06-5594-4E3C-899B-D040B5F199BD}.Release|x64.ActiveCfg = Release|Any CPU
		{BB724E06-5594-4E3C-899B-D040B5F199BD}.Release|x64.Build.0 = Release|Any CPU
		{BB724E06-5594-4E3C-899B-D040B5F199BD}.Release|x86.ActiveCfg = Release|Any CPU
		{BB724E06-5594-4E3C-899B-D040B5F199BD}.Release|x86.Build.0 = Release|Any CPU
		{499CCF4C-E130-4EF3-A7D4-AF65038F6D3C}.Debug|Any CPU.ActiveCfg = Debug|Any CPU
		{499CCF4C-E130-4EF3-A7D4-AF65038F6D3C}.Debug|Any CPU.Build.0 = Debug|Any CPU
		{499CCF4C-E130-4EF3-A7D4-AF65038F6D3C}.Debug|x64.ActiveCfg = Debug|Any CPU
		{499CCF4C-E130-4EF3-A7D4-AF65038F6D3C}.Debug|x64.Build.0 = Debug|Any CPU
		{499CCF4C-E130-4EF3-A7D4-AF65038F6D3C}.Debug|x86.ActiveCfg = Debug|Any CPU
		{499CCF4C-E130-4EF3-A7D4-AF65038F6D3C}.Debug|x86.Build.0 = Debug|Any CPU
		{499CCF4C-E130-4EF3-A7D4-AF65038F6D3C}.Release|Any CPU.ActiveCfg = Release|Any CPU
		{499CCF4C-E130-4EF3-A7D4-AF65038F6D3C}.Release|Any CPU.Build.0 = Release|Any CPU
		{499CCF4C-E130-4EF3-A7D4-AF65038F6D3C}.Release|x64.ActiveCfg = Release|Any CPU
		{499CCF4C-E130-4EF3-A7D4-AF65038F6D3C}.Release|x64.Build.0 = Release|Any CPU
		{499CCF4C-E130-4EF3-A7D4-AF65038F6D3C}.Release|x86.ActiveCfg = Release|Any CPU
		{499CCF4C-E130-4EF3-A7D4-AF65038F6D3C}.Release|x86.Build.0 = Release|Any CPU
		{19EE0EAD-4C24-493D-8F26-3754B84F3C61}.Debug|Any CPU.ActiveCfg = Debug|Any CPU
		{19EE0EAD-4C24-493D-8F26-3754B84F3C61}.Debug|Any CPU.Build.0 = Debug|Any CPU
		{19EE0EAD-4C24-493D-8F26-3754B84F3C61}.Debug|x64.ActiveCfg = Debug|Any CPU
		{19EE0EAD-4C24-493D-8F26-3754B84F3C61}.Debug|x64.Build.0 = Debug|Any CPU
		{19EE0EAD-4C24-493D-8F26-3754B84F3C61}.Debug|x86.ActiveCfg = Debug|Any CPU
		{19EE0EAD-4C24-493D-8F26-3754B84F3C61}.Debug|x86.Build.0 = Debug|Any CPU
		{19EE0EAD-4C24-493D-8F26-3754B84F3C61}.Release|Any CPU.ActiveCfg = Release|Any CPU
		{19EE0EAD-4C24-493D-8F26-3754B84F3C61}.Release|Any CPU.Build.0 = Release|Any CPU
		{19EE0EAD-4C24-493D-8F26-3754B84F3C61}.Release|x64.ActiveCfg = Release|Any CPU
		{19EE0EAD-4C24-493D-8F26-3754B84F3C61}.Release|x64.Build.0 = Release|Any CPU
		{19EE0EAD-4C24-493D-8F26-3754B84F3C61}.Release|x86.ActiveCfg = Release|Any CPU
		{19EE0EAD-4C24-493D-8F26-3754B84F3C61}.Release|x86.Build.0 = Release|Any CPU
		{ECCA357D-3322-4485-98AB-872ECCCC9ACD}.Debug|Any CPU.ActiveCfg = Debug|Any CPU
		{ECCA357D-3322-4485-98AB-872ECCCC9ACD}.Debug|Any CPU.Build.0 = Debug|Any CPU
		{ECCA357D-3322-4485-98AB-872ECCCC9ACD}.Debug|x64.ActiveCfg = Debug|Any CPU
		{ECCA357D-3322-4485-98AB-872ECCCC9ACD}.Debug|x64.Build.0 = Debug|Any CPU
		{ECCA357D-3322-4485-98AB-872ECCCC9ACD}.Debug|x86.ActiveCfg = Debug|Any CPU
		{ECCA357D-3322-4485-98AB-872ECCCC9ACD}.Debug|x86.Build.0 = Debug|Any CPU
		{ECCA357D-3322-4485-98AB-872ECCCC9ACD}.Release|Any CPU.ActiveCfg = Release|Any CPU
		{ECCA357D-3322-4485-98AB-872ECCCC9ACD}.Release|Any CPU.Build.0 = Release|Any CPU
		{ECCA357D-3322-4485-98AB-872ECCCC9ACD}.Release|x64.ActiveCfg = Release|Any CPU
		{ECCA357D-3322-4485-98AB-872ECCCC9ACD}.Release|x64.Build.0 = Release|Any CPU
		{ECCA357D-3322-4485-98AB-872ECCCC9ACD}.Release|x86.ActiveCfg = Release|Any CPU
		{ECCA357D-3322-4485-98AB-872ECCCC9ACD}.Release|x86.Build.0 = Release|Any CPU
		{80E77E86-4701-4D5F-9EC6-CA96CDD927CD}.Debug|Any CPU.ActiveCfg = Debug|Any CPU
		{80E77E86-4701-4D5F-9EC6-CA96CDD927CD}.Debug|Any CPU.Build.0 = Debug|Any CPU
		{80E77E86-4701-4D5F-9EC6-CA96CDD927CD}.Debug|x64.ActiveCfg = Debug|Any CPU
		{80E77E86-4701-4D5F-9EC6-CA96CDD927CD}.Debug|x64.Build.0 = Debug|Any CPU
		{80E77E86-4701-4D5F-9EC6-CA96CDD927CD}.Debug|x86.ActiveCfg = Debug|Any CPU
		{80E77E86-4701-4D5F-9EC6-CA96CDD927CD}.Debug|x86.Build.0 = Debug|Any CPU
		{80E77E86-4701-4D5F-9EC6-CA96CDD927CD}.Release|Any CPU.ActiveCfg = Release|Any CPU
		{80E77E86-4701-4D5F-9EC6-CA96CDD927CD}.Release|Any CPU.Build.0 = Release|Any CPU
		{80E77E86-4701-4D5F-9EC6-CA96CDD927CD}.Release|x64.ActiveCfg = Release|Any CPU
		{80E77E86-4701-4D5F-9EC6-CA96CDD927CD}.Release|x64.Build.0 = Release|Any CPU
		{80E77E86-4701-4D5F-9EC6-CA96CDD927CD}.Release|x86.ActiveCfg = Release|Any CPU
		{80E77E86-4701-4D5F-9EC6-CA96CDD927CD}.Release|x86.Build.0 = Release|Any CPU
	EndGlobalSection
	GlobalSection(SolutionProperties) = preSolution
		HideSolutionNode = FALSE
	EndGlobalSection
	GlobalSection(NestedProjects) = preSolution
		{0A90CE27-A326-4C99-98AF-9B3B1CEE5534} = {8F80FAF3-2D79-44A6-BA3A-71D53EE081C0}
		{86B54DC9-8B45-44DB-ADE3-D2CFAF1D2754} = {8F80FAF3-2D79-44A6-BA3A-71D53EE081C0}
		{D4D63820-4950-4D3B-AAB8-57B7BF454636} = {8F80FAF3-2D79-44A6-BA3A-71D53EE081C0}
		{C7DF0189-950E-4236-9A21-B61FE49C8640} = {8F80FAF3-2D79-44A6-BA3A-71D53EE081C0}
		{7BBBF595-48EA-445A-9B47-E17206C9A5D2} = {8F80FAF3-2D79-44A6-BA3A-71D53EE081C0}
		{E6BDDAD2-4EEF-4CC7-8D71-494C5E1C422F} = {8F80FAF3-2D79-44A6-BA3A-71D53EE081C0}
		{D3A679F1-65EA-4066-B97E-8F56DE96D63D} = {8F80FAF3-2D79-44A6-BA3A-71D53EE081C0}
		{08BEC7FD-9EDA-4B69-AF05-120934AE194F} = {98702E0D-C277-4A27-A7D3-13F8287801C0}
		{F7E13EB2-2B7E-46D0-859B-AD03A1B27A07} = {70F28312-CE1B-4BBF-9725-BCA0B470E448}
		{69374CE0-481A-4576-9384-B8BDD8C819A8} = {8F80FAF3-2D79-44A6-BA3A-71D53EE081C0}
		{F7D04D4E-D233-4B5A-A86C-A7544BB08056} = {8F80FAF3-2D79-44A6-BA3A-71D53EE081C0}
		{95B0A419-3216-4419-AE03-874189222217} = {8F80FAF3-2D79-44A6-BA3A-71D53EE081C0}
		{101A4F2D-F3C9-4ECC-9A9C-A2A5F089589C} = {8F80FAF3-2D79-44A6-BA3A-71D53EE081C0}
		{BB724E06-5594-4E3C-899B-D040B5F199BD} = {8F80FAF3-2D79-44A6-BA3A-71D53EE081C0}
		{499CCF4C-E130-4EF3-A7D4-AF65038F6D3C} = {8F80FAF3-2D79-44A6-BA3A-71D53EE081C0}
		{19EE0EAD-4C24-493D-8F26-3754B84F3C61} = {8F80FAF3-2D79-44A6-BA3A-71D53EE081C0}
		{ECCA357D-3322-4485-98AB-872ECCCC9ACD} = {8F80FAF3-2D79-44A6-BA3A-71D53EE081C0}
		{80E77E86-4701-4D5F-9EC6-CA96CDD927CD} = {8F80FAF3-2D79-44A6-BA3A-71D53EE081C0}
	EndGlobalSection
	GlobalSection(ExtensibilityGlobals) = postSolution
		SolutionGuid = {EAEAE942-F36C-4F3F-B135-AE66D05C33D0}
	EndGlobalSection
EndGlobal
